
Microsoft Visual Studio Solution File, Format Version 12.00
# Visual Studio Version 16
VisualStudioVersion = 16.0.31112.23
MinimumVisualStudioVersion = 10.0.40219.1
Project("{9A19103F-16F7-4668-BE54-9A1E7A4F7556}") = "common.sismo", "common.sismo\common.sismo\common.sismo.csproj", "{723A133C-1C55-4356-B3A4-4DFDD964C740}"
EndProject
Project("{9A19103F-16F7-4668-BE54-9A1E7A4F7556}") = "data.sismo", "data.sismo\data.sismo\data.sismo\data.sismo.csproj", "{2B5EBA60-951F-45B2-9977-BA12EC9B1C8E}"
EndProject
Project("{9A19103F-16F7-4668-BE54-9A1E7A4F7556}") = "services.sismo", "services.sismo\services.sismo\services.sismo.csproj", "{B967CED4-D44C-458F-90CC-671BB14D43EE}"
EndProject
Project("{2150E333-8FDC-42A3-9474-1A3956D46DE8}") = "Solution Items", "Solution Items", "{A3DC20EB-126E-47E7-B052-1EE6BD1B28CE}"
	ProjectSection(SolutionItems) = preProject
		.gitignore = .gitignore
		README.txt = README.txt
	EndProjectSection
EndProject
Project("{9A19103F-16F7-4668-BE54-9A1E7A4F7556}") = "api.mylayers", "api.mylayers\api.mylayers\api.mylayers.csproj", "{9B5A7577-0080-4C18-8741-CA14C7CAA838}"
EndProject
Project("{2150E333-8FDC-42A3-9474-1A3956D46DE8}") = "2 Application", "2 Application", "{1B6B57F7-209A-4C09-994B-C718FAB36B16}"
EndProject
Project("{2150E333-8FDC-42A3-9474-1A3956D46DE8}") = "1 Presentation", "1 Presentation", "{7887FC2B-3F01-4F8F-A67C-05A2D21526D6}"
EndProject
Project("{2150E333-8FDC-42A3-9474-1A3956D46DE8}") = "4 Infrastructure", "4 Infrastructure", "{00D2A93B-F92C-42B8-B1E6-F33B418B555B}"
EndProject
Project("{2150E333-8FDC-42A3-9474-1A3956D46DE8}") = "3 Data", "3 Data", "{304938BA-6BE6-408F-85F3-D8B7C56C3C0A}"
EndProject
Project("{2150E333-8FDC-42A3-9474-1A3956D46DE8}") = "0 Client", "0 Client", "{D36F2BFF-5081-411C-B139-F21D6F9578D9}"
EndProject
Project("{9A19103F-16F7-4668-BE54-9A1E7A4F7556}") = "clientlib.mylayers", "clientlib.mylayers\clientlib.mylayers.csproj", "{E24965CA-1DD0-48DC-A2D1-106F15B4FB77}"
EndProject
Project("{FAE04EC0-301F-11D3-BF4B-00C04F79EFBC}") = "client.mylayersapi", "client.mylayersapi\client.mylayersapi.csproj", "{4A5E4E8E-5EC6-468F-89A3-3E60E69FBA72}"
EndProject
Global
	GlobalSection(SolutionConfigurationPlatforms) = preSolution
		Debug|Any CPU = Debug|Any CPU
		Release|Any CPU = Release|Any CPU
	EndGlobalSection
	GlobalSection(ProjectConfigurationPlatforms) = postSolution
		{723A133C-1C55-4356-B3A4-4DFDD964C740}.Debug|Any CPU.ActiveCfg = Debug|Any CPU
		{723A133C-1C55-4356-B3A4-4DFDD964C740}.Debug|Any CPU.Build.0 = Debug|Any CPU
		{723A133C-1C55-4356-B3A4-4DFDD964C740}.Release|Any CPU.ActiveCfg = Release|Any CPU
		{723A133C-1C55-4356-B3A4-4DFDD964C740}.Release|Any CPU.Build.0 = Release|Any CPU
		{2B5EBA60-951F-45B2-9977-BA12EC9B1C8E}.Debug|Any CPU.ActiveCfg = Debug|Any CPU
		{2B5EBA60-951F-45B2-9977-BA12EC9B1C8E}.Debug|Any CPU.Build.0 = Debug|Any CPU
		{2B5EBA60-951F-45B2-9977-BA12EC9B1C8E}.Release|Any CPU.ActiveCfg = Release|Any CPU
		{2B5EBA60-951F-45B2-9977-BA12EC9B1C8E}.Release|Any CPU.Build.0 = Release|Any CPU
		{B967CED4-D44C-458F-90CC-671BB14D43EE}.Debug|Any CPU.ActiveCfg = Debug|Any CPU
		{B967CED4-D44C-458F-90CC-671BB14D43EE}.Debug|Any CPU.Build.0 = Debug|Any CPU
		{B967CED4-D44C-458F-90CC-671BB14D43EE}.Release|Any CPU.ActiveCfg = Release|Any CPU
		{B967CED4-D44C-458F-90CC-671BB14D43EE}.Release|Any CPU.Build.0 = Release|Any CPU
		{9B5A7577-0080-4C18-8741-CA14C7CAA838}.Debug|Any CPU.ActiveCfg = Debug|Any CPU
		{9B5A7577-0080-4C18-8741-CA14C7CAA838}.Debug|Any CPU.Build.0 = Debug|Any CPU
		{9B5A7577-0080-4C18-8741-CA14C7CAA838}.Release|Any CPU.ActiveCfg = Release|Any CPU
		{9B5A7577-0080-4C18-8741-CA14C7CAA838}.Release|Any CPU.Build.0 = Release|Any CPU
		{E24965CA-1DD0-48DC-A2D1-106F15B4FB77}.Debug|Any CPU.ActiveCfg = Debug|Any CPU
		{E24965CA-1DD0-48DC-A2D1-106F15B4FB77}.Debug|Any CPU.Build.0 = Debug|Any CPU
		{E24965CA-1DD0-48DC-A2D1-106F15B4FB77}.Release|Any CPU.ActiveCfg = Release|Any CPU
		{E24965CA-1DD0-48DC-A2D1-106F15B4FB77}.Release|Any CPU.Build.0 = Release|Any CPU
		{4A5E4E8E-5EC6-468F-89A3-3E60E69FBA72}.Debug|Any CPU.ActiveCfg = Debug|Any CPU
		{4A5E4E8E-5EC6-468F-89A3-3E60E69FBA72}.Debug|Any CPU.Build.0 = Debug|Any CPU
		{4A5E4E8E-5EC6-468F-89A3-3E60E69FBA72}.Release|Any CPU.ActiveCfg = Release|Any CPU
		{4A5E4E8E-5EC6-468F-89A3-3E60E69FBA72}.Release|Any CPU.Build.0 = Release|Any CPU
	EndGlobalSection
	GlobalSection(SolutionProperties) = preSolution
		HideSolutionNode = FALSE
	EndGlobalSection
	GlobalSection(NestedProjects) = preSolution
		{723A133C-1C55-4356-B3A4-4DFDD964C740} = {00D2A93B-F92C-42B8-B1E6-F33B418B555B}
		{2B5EBA60-951F-45B2-9977-BA12EC9B1C8E} = {304938BA-6BE6-408F-85F3-D8B7C56C3C0A}
		{B967CED4-D44C-458F-90CC-671BB14D43EE} = {1B6B57F7-209A-4C09-994B-C718FAB36B16}
		{9B5A7577-0080-4C18-8741-CA14C7CAA838} = {7887FC2B-3F01-4F8F-A67C-05A2D21526D6}
		{E24965CA-1DD0-48DC-A2D1-106F15B4FB77} = {D36F2BFF-5081-411C-B139-F21D6F9578D9}
		{4A5E4E8E-5EC6-468F-89A3-3E60E69FBA72} = {D36F2BFF-5081-411C-B139-F21D6F9578D9}
	EndGlobalSection
	GlobalSection(ExtensibilityGlobals) = postSolution
		SolutionGuid = {D041D861-9E6F-4D12-9497-B3300B77276F}
	EndGlobalSection
EndGlobal
